// !$*UTF8*$!
{
	archiveVersion = 1;
	classes = {
	};
	objectVersion = 46;
	objects = {

/* Begin PBXAggregateTarget section */
		0AB0747E48458C01D9160C68 /* Qt Preprocess */ = {
			isa = PBXAggregateTarget;
			buildConfigurationList = 6CC3B5D2136C7CD6A5CF5A59 /* Build configuration list for PBXNativeTarget "Megatron" */;
			buildPhases = (
				5E618435888B9D49F8540165 /* Qt Qmake */,
				7EF0942E79C014DCEC8976BC /* Qt Preprocessors */,
			);
			dependencies = (
			);
			name = "Qt Preprocess";
			productName = "Qt Preprocess";
		};
/* End PBXAggregateTarget section */

/* Begin PBXBuildFile section */
		1053E9605ACFA0B2A6C024F2 /* controllerwidget.cpp in Compile Sources */ = {isa = PBXBuildFile; fileRef = 3395F65B78FEA52BCCACAB06 /* controllerwidget.cpp */; settings = {ATTRIBUTES = (); }; };
		1BB705CDB741E2B7450201A5 /* Cocoa.framework in Link Binary With Libraries */ = {isa = PBXBuildFile; fileRef = AEA456A2F75ED9F5CDA7BCBE /* Cocoa.framework */; };
		3C72E3D131D853C1DB6878FA /* moc_qjoystick.cpp in Compile Sources */ = {isa = PBXBuildFile; fileRef = A72F0ADD2DB6FFB8BDCA19E3 /* moc_qjoystick.cpp */; settings = {ATTRIBUTES = (); }; };
		3D7D782BEE4E0C542E4D1EAC /* SDLMain.m in Compile Sources */ = {isa = PBXBuildFile; fileRef = CA984216DCAC2E7F016E52D9 /* SDLMain.m */; settings = {ATTRIBUTES = (); }; };
		8771A8C96E9C391044035D99 /* OpenGL.framework in Link Binary With Libraries */ = {isa = PBXBuildFile; fileRef = D4B32C2222F82AC56BADEB21 /* OpenGL.framework */; };
		8CAA2AC8BF1DF1A6D1FD397C /* main.cpp in Compile Sources */ = {isa = PBXBuildFile; fileRef = B958235EE8DB37BCACEDA04B /* main.cpp */; settings = {ATTRIBUTES = (); }; };
		8D267F2E4776F0ECA2F49DC8 /* IOKit.framework in Link Binary With Libraries */ = {isa = PBXBuildFile; fileRef = A1A67BEAA744704B29168D39 /* IOKit.framework */; };
		9C0978C7D49F0BA31BEC5C98 /* QtWidgets.framework in Link Binary With Libraries */ = {isa = PBXBuildFile; fileRef = 7FD576686EEBCE5E523F4E18 /* QtWidgets.framework */; };
		A4D2DEABB8E9CC18E9595209 /* QtCore.framework in Link Binary With Libraries */ = {isa = PBXBuildFile; fileRef = 2E2EF1FBA80E0ED40BCA081A /* QtCore.framework */; };
		A99B2AA0F9CBBDD12BA126A4 /* DiskArbitration.framework in Link Binary With Libraries */ = {isa = PBXBuildFile; fileRef = 2B774D8E4178765CE52EAAF5 /* DiskArbitration.framework */; };
		B1889D09B9AA7BBAEDB28840 /* SDL.framework in Link Binary With Libraries */ = {isa = PBXBuildFile; fileRef = 3B536049BD27059AD6AC86BB /* SDL.framework */; };
		BC05FC78D6BC05D4F9B6369B /* qjoystick.cpp in Compile Sources */ = {isa = PBXBuildFile; fileRef = 452AA6D36EE56157D98D31EB /* qjoystick.cpp */; settings = {ATTRIBUTES = (); }; };
		DF18FE6D146A42B46D73271D /* QtGui.framework in Link Binary With Libraries */ = {isa = PBXBuildFile; fileRef = 674AC1EDF6EBE2CA088C5DF8 /* QtGui.framework */; };
		E45E51A644D5FC9F942ECE55 /* AGL.framework in Link Binary With Libraries */ = {isa = PBXBuildFile; fileRef = 8D9815BDB5BD9F90D2BC05C5 /* AGL.framework */; };
		FCF4E1393B834BA13ACC5B10 /* moc_controllerwidget.cpp in Compile Sources */ = {isa = PBXBuildFile; fileRef = 533F1C83BB840262AC4333BE /* moc_controllerwidget.cpp */; settings = {ATTRIBUTES = (); }; };
/* End PBXBuildFile section */

/* Begin PBXContainerItemProxy section */
		2CF0AB421B4A5D970037BF4E /* PBXContainerItemProxy */ = {
			isa = PBXContainerItemProxy;
			containerPortal = 6DB9C3763D02B1415CD9D565 /* Project object */;
			proxyType = 1;
			remoteGlobalIDString = 0AB0747E48458C01D9160C68;
			remoteInfo = "Qt Preprocess";
		};
/* End PBXContainerItemProxy section */

/* Begin PBXFileReference section */
		2B774D8E4178765CE52EAAF5 /* DiskArbitration.framework */ = {isa = PBXFileReference; lastKnownFileType = wrapper.framework; name = DiskArbitration.framework; path = /System/Library/Frameworks/DiskArbitration.framework; sourceTree = "<absolute>"; };
		2CF0AB431B4A5DBC0037BF4E /* SDLMain.h */ = {isa = PBXFileReference; fileEncoding = 4; lastKnownFileType = sourcecode.c.h; name = SDLMain.h; path = src/SDLMain.h; sourceTree = SOURCE_ROOT; };
		2E2EF1FBA80E0ED40BCA081A /* QtCore.framework */ = {isa = PBXFileReference; lastKnownFileType = wrapper.framework; name = QtCore.framework; path = /Users/sseitov/Qt/5.4/clang_64/lib/QtCore.framework; sourceTree = "<absolute>"; };
		3395F65B78FEA52BCCACAB06 /* controllerwidget.cpp */ = {isa = PBXFileReference; lastKnownFileType = sourcecode.cpp.cpp; name = controllerwidget.cpp; path = /Volumes/Hitachi/Projects/Megatron/src/controllerwidget.cpp; sourceTree = "<absolute>"; };
		3612CCB6CF4E3A4988720135 /* Megatron.app */ = {isa = PBXFileReference; explicitFileType = wrapper.application; includeInIndex = 0; path = Megatron.app; sourceTree = BUILT_PRODUCTS_DIR; };
		3B536049BD27059AD6AC86BB /* SDL.framework */ = {isa = PBXFileReference; lastKnownFileType = wrapper.framework; name = SDL.framework; path = /Library/Frameworks/SDL.framework; sourceTree = "<absolute>"; };
		452AA6D36EE56157D98D31EB /* qjoystick.cpp */ = {isa = PBXFileReference; lastKnownFileType = sourcecode.cpp.cpp; name = qjoystick.cpp; path = /Volumes/Hitachi/Projects/Megatron/src/qjoystick.cpp; sourceTree = "<absolute>"; };
		533F1C83BB840262AC4333BE /* moc_controllerwidget.cpp */ = {isa = PBXFileReference; lastKnownFileType = sourcecode.cpp.cpp; name = moc_controllerwidget.cpp; path = /Volumes/Hitachi/Projects/Megatron/moc_controllerwidget.cpp; sourceTree = "<absolute>"; };
		566D3360C95C487F621015A6 /* controllerwidget.h */ = {isa = PBXFileReference; lastKnownFileType = sourcecode.c.h; name = controllerwidget.h; path = /Volumes/Hitachi/Projects/Megatron/src/controllerwidget.h; sourceTree = "<absolute>"; };
		674AC1EDF6EBE2CA088C5DF8 /* QtGui.framework */ = {isa = PBXFileReference; lastKnownFileType = wrapper.framework; name = QtGui.framework; path = /Users/sseitov/Qt/5.4/clang_64/lib/QtGui.framework; sourceTree = "<absolute>"; };
		7FD576686EEBCE5E523F4E18 /* QtWidgets.framework */ = {isa = PBXFileReference; lastKnownFileType = wrapper.framework; name = QtWidgets.framework; path = /Users/sseitov/Qt/5.4/clang_64/lib/QtWidgets.framework; sourceTree = "<absolute>"; };
		8D9815BDB5BD9F90D2BC05C5 /* AGL.framework */ = {isa = PBXFileReference; lastKnownFileType = wrapper.framework; name = AGL.framework; path = /System/Library/Frameworks/AGL.framework; sourceTree = "<absolute>"; };
		8FAA727B0AF99C016A970229 /* controllerwidget.ui */ = {isa = PBXFileReference; lastKnownFileType = text.xml; name = controllerwidget.ui; path = /Volumes/Hitachi/Projects/Megatron/src/controllerwidget.ui; sourceTree = "<absolute>"; };
		914A0983D232A227C49BF9A5 /* qjoystick.h */ = {isa = PBXFileReference; lastKnownFileType = sourcecode.c.h; name = qjoystick.h; path = /Volumes/Hitachi/Projects/Megatron/src/qjoystick.h; sourceTree = "<absolute>"; };
		A1A67BEAA744704B29168D39 /* IOKit.framework */ = {isa = PBXFileReference; lastKnownFileType = wrapper.framework; name = IOKit.framework; path = /System/Library/Frameworks/IOKit.framework; sourceTree = "<absolute>"; };
		A72F0ADD2DB6FFB8BDCA19E3 /* moc_qjoystick.cpp */ = {isa = PBXFileReference; lastKnownFileType = sourcecode.cpp.cpp; name = moc_qjoystick.cpp; path = /Volumes/Hitachi/Projects/Megatron/moc_qjoystick.cpp; sourceTree = "<absolute>"; };
		AEA456A2F75ED9F5CDA7BCBE /* Cocoa.framework */ = {isa = PBXFileReference; lastKnownFileType = wrapper.framework; name = Cocoa.framework; path = /System/Library/Frameworks/Cocoa.framework; sourceTree = "<absolute>"; };
		B958235EE8DB37BCACEDA04B /* main.cpp */ = {isa = PBXFileReference; lastKnownFileType = sourcecode.cpp.cpp; name = main.cpp; path = /Volumes/Hitachi/Projects/Megatron/src/main.cpp; sourceTree = "<absolute>"; };
		BC4D36BC620918EE65DE58BB /* ui_controllerwidget.h */ = {isa = PBXFileReference; lastKnownFileType = sourcecode.c.h; name = ui_controllerwidget.h; path = /Volumes/Hitachi/Projects/Megatron/ui_controllerwidget.h; sourceTree = "<absolute>"; };
		CA984216DCAC2E7F016E52D9 /* SDLMain.m */ = {isa = PBXFileReference; lastKnownFileType = sourcecode.c.objc; name = SDLMain.m; path = /Volumes/Hitachi/Projects/Megatron/src/SDLMain.m; sourceTree = "<absolute>"; };
		D4B32C2222F82AC56BADEB21 /* OpenGL.framework */ = {isa = PBXFileReference; lastKnownFileType = wrapper.framework; name = OpenGL.framework; path = /System/Library/Frameworks/OpenGL.framework; sourceTree = "<absolute>"; };
		FA7B0488D9062D9E4D741438 /* Megatron.pro */ = {isa = PBXFileReference; lastKnownFileType = text; name = Megatron.pro; path = /Volumes/Hitachi/Projects/Megatron/Megatron.pro; sourceTree = "<absolute>"; };
/* End PBXFileReference section */

/* Begin PBXFrameworksBuildPhase section */
		D1C883685E82D5676953459A /* Link Binary With Libraries */ = {
			isa = PBXFrameworksBuildPhase;
			buildActionMask = 2147483647;
			files = (
				1BB705CDB741E2B7450201A5 /* Cocoa.framework in Link Binary With Libraries */,
				B1889D09B9AA7BBAEDB28840 /* SDL.framework in Link Binary With Libraries */,
				9C0978C7D49F0BA31BEC5C98 /* QtWidgets.framework in Link Binary With Libraries */,
				DF18FE6D146A42B46D73271D /* QtGui.framework in Link Binary With Libraries */,
				A4D2DEABB8E9CC18E9595209 /* QtCore.framework in Link Binary With Libraries */,
				A99B2AA0F9CBBDD12BA126A4 /* DiskArbitration.framework in Link Binary With Libraries */,
				8D267F2E4776F0ECA2F49DC8 /* IOKit.framework in Link Binary With Libraries */,
				8771A8C96E9C391044035D99 /* OpenGL.framework in Link Binary With Libraries */,
				E45E51A644D5FC9F942ECE55 /* AGL.framework in Link Binary With Libraries */,
			);
			name = "Link Binary With Libraries";
			runOnlyForDeploymentPostprocessing = 0;
		};
/* End PBXFrameworksBuildPhase section */

/* Begin PBXGroup section */
		12E908B8A1C3C07C115504F5 /* Sources [uic] */ = {
			isa = PBXGroup;
			children = (
				FB3C908FA6A710AAAE4CE3AA /* src */,
			);
			name = "Sources [uic]";
			sourceTree = "<Group>";
		};
		25B08E2869634E9BCBA333A2 /* Generated Sources */ = {
			isa = PBXGroup;
			children = (
				533F1C83BB840262AC4333BE /* moc_controllerwidget.cpp */,
				A72F0ADD2DB6FFB8BDCA19E3 /* moc_qjoystick.cpp */,
				BC4D36BC620918EE65DE58BB /* ui_controllerwidget.h */,
			);
			name = "Generated Sources";
			sourceTree = "<Group>";
		};
		2EB56BE3C2D93CDAB0C52E67 /* Sources */ = {
			isa = PBXGroup;
			children = (
				921315FAA7F261D737F4F4C7 /* src */,
			);
			name = Sources;
			sourceTree = "<Group>";
		};
		74B182DB50CB5611B5C1C297 /* Supporting Files */ = {
			isa = PBXGroup;
			children = (
				FA7B0488D9062D9E4D741438 /* Megatron.pro */,
			);
			name = "Supporting Files";
			sourceTree = "<Group>";
		};
		921315FAA7F261D737F4F4C7 /* src */ = {
			isa = PBXGroup;
			children = (
				B958235EE8DB37BCACEDA04B /* main.cpp */,
				3395F65B78FEA52BCCACAB06 /* controllerwidget.cpp */,
				452AA6D36EE56157D98D31EB /* qjoystick.cpp */,
				566D3360C95C487F621015A6 /* controllerwidget.h */,
				914A0983D232A227C49BF9A5 /* qjoystick.h */,
				2CF0AB431B4A5DBC0037BF4E /* SDLMain.h */,
				CA984216DCAC2E7F016E52D9 /* SDLMain.m */,
			);
			name = src;
			sourceTree = "<Group>";
		};
		AF39DD055C3EF8226FBE929D /* Frameworks */ = {
			isa = PBXGroup;
			children = (
				AEA456A2F75ED9F5CDA7BCBE /* Cocoa.framework */,
				3B536049BD27059AD6AC86BB /* SDL.framework */,
				7FD576686EEBCE5E523F4E18 /* QtWidgets.framework */,
				674AC1EDF6EBE2CA088C5DF8 /* QtGui.framework */,
				2E2EF1FBA80E0ED40BCA081A /* QtCore.framework */,
				2B774D8E4178765CE52EAAF5 /* DiskArbitration.framework */,
				A1A67BEAA744704B29168D39 /* IOKit.framework */,
				D4B32C2222F82AC56BADEB21 /* OpenGL.framework */,
				8D9815BDB5BD9F90D2BC05C5 /* AGL.framework */,
			);
			name = Frameworks;
			sourceTree = "<Group>";
		};
		E8C543AB96796ECAA2E65C57 /* Megatron */ = {
			isa = PBXGroup;
			children = (
				2EB56BE3C2D93CDAB0C52E67 /* Sources */,
				25B08E2869634E9BCBA333A2 /* Generated Sources */,
				74B182DB50CB5611B5C1C297 /* Supporting Files */,
				12E908B8A1C3C07C115504F5 /* Sources [uic] */,
				AF39DD055C3EF8226FBE929D /* Frameworks */,
				FE0A091FDBFB3E9C31B7A1BD /* Products */,
			);
			name = Megatron;
			sourceTree = "<Group>";
		};
		FB3C908FA6A710AAAE4CE3AA /* src */ = {
			isa = PBXGroup;
			children = (
				8FAA727B0AF99C016A970229 /* controllerwidget.ui */,
			);
			name = src;
			sourceTree = "<Group>";
		};
		FE0A091FDBFB3E9C31B7A1BD /* Products */ = {
			isa = PBXGroup;
			children = (
				3612CCB6CF4E3A4988720135 /* Megatron.app */,
			);
			name = Products;
			sourceTree = "<Group>";
		};
/* End PBXGroup section */

/* Begin PBXNativeTarget section */
		CAEA8B851352A3D2E14DC365 /* Megatron */ = {
			isa = PBXNativeTarget;
			buildConfigurationList = 6CC3B5D2136C7CD6A5CF5A59 /* Build configuration list for PBXNativeTarget "Megatron" */;
			buildPhases = (
				F7E50F631C51CD5B5DC0BC43 /* Compile Sources */,
				D1C883685E82D5676953459A /* Link Binary With Libraries */,
				30414803F31797EB689AE508 /* Copy Bundle Resources */,
			);
			buildRules = (
			);
			dependencies = (
				D2B3FA08B357627A55BBF54E /* PBXTargetDependency */,
			);
			name = Megatron;
			productName = Megatron;
			productReference = 3612CCB6CF4E3A4988720135 /* Megatron.app */;
			productType = "com.apple.product-type.application";
		};
/* End PBXNativeTarget section */

/* Begin PBXProject section */
		6DB9C3763D02B1415CD9D565 /* Project object */ = {
			isa = PBXProject;
			attributes = {
			};
			buildConfigurationList = DAC4C1AA5EDEA1C85E9CA5E6 /* Build configuration list for PBXProject "Megatron" */;
			compatibilityVersion = "Xcode 3.2";
			developmentRegion = English;
			hasScannedForEncodings = 1;
			knownRegions = (
				en,
			);
			mainGroup = E8C543AB96796ECAA2E65C57 /* Megatron */;
			productRefGroup = FE0A091FDBFB3E9C31B7A1BD /* Products */;
			projectDirPath = "";
			projectRoot = "";
			targets = (
				CAEA8B851352A3D2E14DC365 /* Megatron */,
				0AB0747E48458C01D9160C68 /* Qt Preprocess */,
			);
		};
/* End PBXProject section */

/* Begin PBXResourcesBuildPhase section */
		30414803F31797EB689AE508 /* Copy Bundle Resources */ = {
			isa = PBXResourcesBuildPhase;
			buildActionMask = 2147483647;
			files = (
			);
			name = "Copy Bundle Resources";
			runOnlyForDeploymentPostprocessing = 0;
		};
/* End PBXResourcesBuildPhase section */

/* Begin PBXShellScriptBuildPhase section */
		5E618435888B9D49F8540165 /* Qt Qmake */ = {
			isa = PBXShellScriptBuildPhase;
			buildActionMask = 2147483647;
			files = (
			);
			name = "Qt Qmake";
			runOnlyForDeploymentPostprocessing = 0;
			shellPath = /bin/sh;
			shellScript = "make -C /Volumes/Hitachi/Projects/Megatron -f Megatron.xcodeproj/qt_makeqmake.mak";
		};
		7EF0942E79C014DCEC8976BC /* Qt Preprocessors */ = {
			isa = PBXShellScriptBuildPhase;
			buildActionMask = 2147483647;
			files = (
			);
			name = "Qt Preprocessors";
			runOnlyForDeploymentPostprocessing = 0;
			shellPath = /bin/sh;
			shellScript = "make -C /Volumes/Hitachi/Projects/Megatron -f Megatron.xcodeproj/qt_preprocess.mak";
		};
/* End PBXShellScriptBuildPhase section */

/* Begin PBXSourcesBuildPhase section */
		F7E50F631C51CD5B5DC0BC43 /* Compile Sources */ = {
			isa = PBXSourcesBuildPhase;
			buildActionMask = 2147483647;
			files = (
				8CAA2AC8BF1DF1A6D1FD397C /* main.cpp in Compile Sources */,
				1053E9605ACFA0B2A6C024F2 /* controllerwidget.cpp in Compile Sources */,
				BC05FC78D6BC05D4F9B6369B /* qjoystick.cpp in Compile Sources */,
				FCF4E1393B834BA13ACC5B10 /* moc_controllerwidget.cpp in Compile Sources */,
				3C72E3D131D853C1DB6878FA /* moc_qjoystick.cpp in Compile Sources */,
				3D7D782BEE4E0C542E4D1EAC /* SDLMain.m in Compile Sources */,
			);
			name = "Compile Sources";
			runOnlyForDeploymentPostprocessing = 0;
		};
/* End PBXSourcesBuildPhase section */

/* Begin PBXTargetDependency section */
		D2B3FA08B357627A55BBF54E /* PBXTargetDependency */ = {
			isa = PBXTargetDependency;
			target = 0AB0747E48458C01D9160C68 /* Qt Preprocess */;
			targetProxy = 2CF0AB421B4A5D970037BF4E /* PBXContainerItemProxy */;
		};
/* End PBXTargetDependency section */

/* Begin XCBuildConfiguration section */
		339EE1B2CC4FC24589A0EA95 /* Release */ = {
			isa = XCBuildConfiguration;
			buildSettings = {
				ARCHS = x86_64;
				CC = /Applications/Xcode.app/Contents/Developer/Toolchains/XcodeDefault.xctoolchain/usr/bin/clang;
				COPY_PHASE_STRIP = YES;
				DYLIB_COMPATIBILITY_VERSION = 1.0;
				DYLIB_CURRENT_VERSION = 1.0.0;
				FRAMEWORK_SEARCH_PATHS = (
					/Users/sseitov/Qt/5.4/clang_64/lib,
					/Users/sseitov/Qt/5.4/clang_64/lib,
					/Library/Frameworks,
				);
				GCC_GENERATE_DEBUGGING_SYMBOLS = NO;
				GCC_VERSION = com.apple.compilers.llvm.clang.1_0;
				HEADER_SEARCH_PATHS = (
					.,
					/Library/Frameworks/SDL.framework/Versions/A/Headers,
					/Users/sseitov/Qt/5.4/clang_64/lib/QtWidgets.framework/Versions/5/Headers,
					/Users/sseitov/Qt/5.4/clang_64/lib/QtGui.framework/Versions/5/Headers,
					/Users/sseitov/Qt/5.4/clang_64/lib/QtCore.framework/Versions/5/Headers,
					.,
					/Applications/Xcode.app/Contents/Developer/Platforms/MacOSX.platform/Developer/SDKs/MacOSX10.10.sdk/System/Library/Frameworks/OpenGL.framework/Versions/A/Headers,
					/Applications/Xcode.app/Contents/Developer/Platforms/MacOSX.platform/Developer/SDKs/MacOSX10.10.sdk/System/Library/Frameworks/AGL.framework/Headers,
					.,
					"/Users/sseitov/Qt/5.4/clang_64/mkspecs/macx-clang",
				);
				INFOPLIST_FILE = Info.plist;
				LDPLUSPLUS = "/Applications/Xcode.app/Contents/Developer/Toolchains/XcodeDefault.xctoolchain/usr/bin/clang++";
				LIBRARY_SEARCH_PATHS = (
					/System/Library/Frameworks/,
					/Library/Frameworks,
					/Users/sseitov/Qt/5.4/clang_64/lib,
				);
				MACOSX_DEPLOYMENT_TARGET = 10.7;
				OTHER_CFLAGS = (
					"-pipe",
					"-O2",
					"-Wall",
					"-W",
					"-fPIE",
					"-DQT_NO_DEBUG",
					"-DQT_WIDGETS_LIB",
					"-DQT_GUI_LIB",
					"-DQT_CORE_LIB",
				);
				OTHER_CPLUSPLUSFLAGS = (
					"-pipe",
					"-O2",
					"-Wall",
					"-W",
					"-fPIE",
					"-DQT_NO_DEBUG",
					"-DQT_WIDGETS_LIB",
					"-DQT_GUI_LIB",
					"-DQT_CORE_LIB",
				);
				OTHER_LDFLAGS = (
					"-headerpad_max_install_names",
					"-Wl,-rpath,/Users/sseitov/Qt/5.4/clang_64/lib",
					"-F/Users/sseitov/Qt/5.4/clang_64/lib",
					"-F/Library/Frameworks",
				);
				PRODUCT_NAME = Megatron;
				QT_LIBRARY_SUFFIX = "";
				SDKROOT = macosx;
				SYMROOT = /Volumes/Hitachi/Projects/Megatron;
			};
			name = Release;
		};
		3AA6C32AC930069E80220CF1 /* Debug */ = {
			isa = XCBuildConfiguration;
			buildSettings = {
				ARCHS = x86_64;
				CC = /Applications/Xcode.app/Contents/Developer/Toolchains/XcodeDefault.xctoolchain/usr/bin/clang;
				COPY_PHASE_STRIP = NO;
				DYLIB_COMPATIBILITY_VERSION = 1.0;
				DYLIB_CURRENT_VERSION = 1.0.0;
				FRAMEWORK_SEARCH_PATHS = (
					/Users/sseitov/Qt/5.4/clang_64/lib,
					/Users/sseitov/Qt/5.4/clang_64/lib,
					/Library/Frameworks,
				);
				GCC_GENERATE_DEBUGGING_SYMBOLS = YES;
				GCC_OPTIMIZATION_LEVEL = 0;
				GCC_VERSION = com.apple.compilers.llvm.clang.1_0;
				HEADER_SEARCH_PATHS = (
					.,
					/Library/Frameworks/SDL.framework/Versions/A/Headers,
					/Users/sseitov/Qt/5.4/clang_64/lib/QtWidgets.framework/Versions/5/Headers,
					/Users/sseitov/Qt/5.4/clang_64/lib/QtGui.framework/Versions/5/Headers,
					/Users/sseitov/Qt/5.4/clang_64/lib/QtCore.framework/Versions/5/Headers,
					.,
					/Applications/Xcode.app/Contents/Developer/Platforms/MacOSX.platform/Developer/SDKs/MacOSX10.10.sdk/System/Library/Frameworks/OpenGL.framework/Versions/A/Headers,
					/Applications/Xcode.app/Contents/Developer/Platforms/MacOSX.platform/Developer/SDKs/MacOSX10.10.sdk/System/Library/Frameworks/AGL.framework/Headers,
					.,
					"/Users/sseitov/Qt/5.4/clang_64/mkspecs/macx-clang",
				);
				INFOPLIST_FILE = Info.plist;
				LDPLUSPLUS = "/Applications/Xcode.app/Contents/Developer/Toolchains/XcodeDefault.xctoolchain/usr/bin/clang++";
				LIBRARY_SEARCH_PATHS = (
					/System/Library/Frameworks/,
					/Library/Frameworks,
					/Users/sseitov/Qt/5.4/clang_64/lib,
				);
				MACOSX_DEPLOYMENT_TARGET = 10.7;
				OTHER_CFLAGS = (
					"-pipe",
					"-O2",
					"-Wall",
					"-W",
					"-fPIE",
					"-DQT_NO_DEBUG",
					"-DQT_WIDGETS_LIB",
					"-DQT_GUI_LIB",
					"-DQT_CORE_LIB",
				);
				OTHER_CPLUSPLUSFLAGS = (
					"-pipe",
					"-O2",
					"-Wall",
					"-W",
					"-fPIE",
					"-DQT_NO_DEBUG",
					"-DQT_WIDGETS_LIB",
					"-DQT_GUI_LIB",
					"-DQT_CORE_LIB",
				);
				OTHER_LDFLAGS = (
					"-headerpad_max_install_names",
					"-Wl,-rpath,/Users/sseitov/Qt/5.4/clang_64/lib",
					"-F/Users/sseitov/Qt/5.4/clang_64/lib",
					"-F/Library/Frameworks",
				);
				PRODUCT_NAME = Megatron;
				QT_LIBRARY_SUFFIX = _debug;
				SDKROOT = macosx;
				SYMROOT = /Volumes/Hitachi/Projects/Megatron;
			};
			name = Debug;
		};
		6666AA5E688052234F6758D8 /* Release */ = {
			isa = XCBuildConfiguration;
			buildSettings = {
				COPY_PHASE_STRIP = YES;
				GCC_GENERATE_DEBUGGING_SYMBOLS = NO;
				PRODUCT_NAME = Megatron;
				QT_LIBRARY_SUFFIX = "";
				SDKROOT = macosx;
			};
			name = Release;
		};
		77418F46922677BB04ED38DD /* Debug */ = {
			isa = XCBuildConfiguration;
			buildSettings = {
				COPY_PHASE_STRIP = NO;
				GCC_GENERATE_DEBUGGING_SYMBOLS = YES;
				GCC_OPTIMIZATION_LEVEL = 0;
				PRODUCT_NAME = Megatron;
				QT_LIBRARY_SUFFIX = _debug;
				SDKROOT = macosx;
			};
			name = Debug;
		};
/* End XCBuildConfiguration section */

/* Begin XCConfigurationList section */
		6CC3B5D2136C7CD6A5CF5A59 /* Build configuration list for PBXNativeTarget "Megatron" */ = {
			isa = XCConfigurationList;
			buildConfigurations = (
				77418F46922677BB04ED38DD /* Debug */,
				6666AA5E688052234F6758D8 /* Release */,
			);
			defaultConfigurationIsVisible = 0;
			defaultConfigurationName = Release;
		};
		DAC4C1AA5EDEA1C85E9CA5E6 /* Build configuration list for PBXProject "Megatron" */ = {
			isa = XCConfigurationList;
			buildConfigurations = (
				3AA6C32AC930069E80220CF1 /* Debug */,
				339EE1B2CC4FC24589A0EA95 /* Release */,
			);
			defaultConfigurationIsVisible = 0;
			defaultConfigurationName = Release;
		};
/* End XCConfigurationList section */
	};
	rootObject = 6DB9C3763D02B1415CD9D565 /* Project object */;
}
